
Microsoft Visual Studio Solution File, Format Version 12.00
# Visual Studio Version 17
VisualStudioVersion = 17.8.34511.84
MinimumVisualStudioVersion = 10.0.40219.1
Project("{8BC9CEB8-8B4A-11D0-8D11-00A0C91BC942}") = "Calandar", "HelloWorld\HelloWorld.vcxproj", "{6BEC898A-2FFB-417D-88B4-31AA61BDBFBE}"
EndProject
Project("{8BC9CEB8-8B4A-11D0-8D11-00A0C91BC942}") = "MaxCommon", "calandar_macCommon\calandar_macCommon.vcxproj", "{11D9774F-E06C-486C-A94C-E89E6562357F}"
EndProject
Project("{8BC9CEB8-8B4A-11D0-8D11-00A0C91BC942}") = "BiteWIiseOperation", "BiteWIiseOperation\BiteWIiseOperation.vcxproj", "{96BF4C79-51FC-4850-9A0A-2361DC248D59}"
EndProject
Project("{8BC9CEB8-8B4A-11D0-8D11-00A0C91BC942}") = "RollDice", "RollDice\RollDice.vcxproj", "{D9C8BF70-94DF-491F-96E9-D29EC913C1BF}"
EndProject
Project("{8BC9CEB8-8B4A-11D0-8D11-00A0C91BC942}") = "RandomCard", "RandomCard\RandomCard.vcxproj", "{BFEF78E0-529F-42B6-A7EA-62ECAC3C5CBF}"
EndProject
Project("{8BC9CEB8-8B4A-11D0-8D11-00A0C91BC942}") = "CountRate", "CountRate\CountRate.vcxproj", "{E5A43CFF-8524-4ED4-BFA8-AA9C72CAF4EE}"
EndProject
Project("{8BC9CEB8-8B4A-11D0-8D11-00A0C91BC942}") = "YangHuiTriangle", "YangHuiTriangle\YangHuiTriangle.vcxproj", "{D8836C84-4D85-48AF-B7B3-F45C648ACFA6}"
EndProject
Project("{8BC9CEB8-8B4A-11D0-8D11-00A0C91BC942}") = "Factorial", "Factorial\Factorial.vcxproj", "{185C4E48-D940-409C-818E-DC97E30A80BA}"
EndProject
Project("{8BC9CEB8-8B4A-11D0-8D11-00A0C91BC942}") = "Hanoti", "Hanoti\Hanoti.vcxproj", "{AE615D6D-34D0-4CC3-B8A7-DFC9763CA5AF}"
EndProject
Project("{8BC9CEB8-8B4A-11D0-8D11-00A0C91BC942}") = "SecCount", "SecCount\SecCount.vcxproj", "{0C11B2DE-0D6C-4F84-AD30-3B0B15F08D39}"
EndProject
Project("{8BC9CEB8-8B4A-11D0-8D11-00A0C91BC942}") = "RverseArray", "RverseArray\RverseArray.vcxproj", "{654FC03C-A2D4-4C7A-9723-2F18B8E5F671}"
EndProject
Global
	GlobalSection(SolutionConfigurationPlatforms) = preSolution
		Debug|x64 = Debug|x64
		Debug|x86 = Debug|x86
		Release|x64 = Release|x64
		Release|x86 = Release|x86
	EndGlobalSection
	GlobalSection(ProjectConfigurationPlatforms) = postSolution
		{6BEC898A-2FFB-417D-88B4-31AA61BDBFBE}.Debug|x64.ActiveCfg = Debug|x64
		{6BEC898A-2FFB-417D-88B4-31AA61BDBFBE}.Debug|x64.Build.0 = Debug|x64
		{6BEC898A-2FFB-417D-88B4-31AA61BDBFBE}.Debug|x86.ActiveCfg = Debug|Win32
		{6BEC898A-2FFB-417D-88B4-31AA61BDBFBE}.Debug|x86.Build.0 = Debug|Win32
		{6BEC898A-2FFB-417D-88B4-31AA61BDBFBE}.Release|x64.ActiveCfg = Release|x64
		{6BEC898A-2FFB-417D-88B4-31AA61BDBFBE}.Release|x64.Build.0 = Release|x64
		{6BEC898A-2FFB-417D-88B4-31AA61BDBFBE}.Release|x86.ActiveCfg = Release|Win32
		{6BEC898A-2FFB-417D-88B4-31AA61BDBFBE}.Release|x86.Build.0 = Release|Win32
		{11D9774F-E06C-486C-A94C-E89E6562357F}.Debug|x64.ActiveCfg = Debug|x64
		{11D9774F-E06C-486C-A94C-E89E6562357F}.Debug|x64.Build.0 = Debug|x64
		{11D9774F-E06C-486C-A94C-E89E6562357F}.Debug|x86.ActiveCfg = Debug|Win32
		{11D9774F-E06C-486C-A94C-E89E6562357F}.Debug|x86.Build.0 = Debug|Win32
		{11D9774F-E06C-486C-A94C-E89E6562357F}.Release|x64.ActiveCfg = Release|x64
		{11D9774F-E06C-486C-A94C-E89E6562357F}.Release|x64.Build.0 = Release|x64
		{11D9774F-E06C-486C-A94C-E89E6562357F}.Release|x86.ActiveCfg = Release|Win32
		{11D9774F-E06C-486C-A94C-E89E6562357F}.Release|x86.Build.0 = Release|Win32
		{96BF4C79-51FC-4850-9A0A-2361DC248D59}.Debug|x64.ActiveCfg = Debug|x64
		{96BF4C79-51FC-4850-9A0A-2361DC248D59}.Debug|x64.Build.0 = Debug|x64
		{96BF4C79-51FC-4850-9A0A-2361DC248D59}.Debug|x86.ActiveCfg = Debug|Win32
		{96BF4C79-51FC-4850-9A0A-2361DC248D59}.Debug|x86.Build.0 = Debug|Win32
		{96BF4C79-51FC-4850-9A0A-2361DC248D59}.Release|x64.ActiveCfg = Release|x64
		{96BF4C79-51FC-4850-9A0A-2361DC248D59}.Release|x64.Build.0 = Release|x64
		{96BF4C79-51FC-4850-9A0A-2361DC248D59}.Release|x86.ActiveCfg = Release|Win32
		{96BF4C79-51FC-4850-9A0A-2361DC248D59}.Release|x86.Build.0 = Release|Win32
		{D9C8BF70-94DF-491F-96E9-D29EC913C1BF}.Debug|x64.ActiveCfg = Debug|x64
		{D9C8BF70-94DF-491F-96E9-D29EC913C1BF}.Debug|x64.Build.0 = Debug|x64
		{D9C8BF70-94DF-491F-96E9-D29EC913C1BF}.Debug|x86.ActiveCfg = Debug|Win32
		{D9C8BF70-94DF-491F-96E9-D29EC913C1BF}.Debug|x86.Build.0 = Debug|Win32
		{D9C8BF70-94DF-491F-96E9-D29EC913C1BF}.Release|x64.ActiveCfg = Release|x64
		{D9C8BF70-94DF-491F-96E9-D29EC913C1BF}.Release|x64.Build.0 = Release|x64
		{D9C8BF70-94DF-491F-96E9-D29EC913C1BF}.Release|x86.ActiveCfg = Release|Win32
		{D9C8BF70-94DF-491F-96E9-D29EC913C1BF}.Release|x86.Build.0 = Release|Win32
		{BFEF78E0-529F-42B6-A7EA-62ECAC3C5CBF}.Debug|x64.ActiveCfg = Debug|x64
		{BFEF78E0-529F-42B6-A7EA-62ECAC3C5CBF}.Debug|x64.Build.0 = Debug|x64
		{BFEF78E0-529F-42B6-A7EA-62ECAC3C5CBF}.Debug|x86.ActiveCfg = Debug|Win32
		{BFEF78E0-529F-42B6-A7EA-62ECAC3C5CBF}.Debug|x86.Build.0 = Debug|Win32
		{BFEF78E0-529F-42B6-A7EA-62ECAC3C5CBF}.Release|x64.ActiveCfg = Release|x64
		{BFEF78E0-529F-42B6-A7EA-62ECAC3C5CBF}.Release|x64.Build.0 = Release|x64
		{BFEF78E0-529F-42B6-A7EA-62ECAC3C5CBF}.Release|x86.ActiveCfg = Release|Win32
		{BFEF78E0-529F-42B6-A7EA-62ECAC3C5CBF}.Release|x86.Build.0 = Release|Win32
		{E5A43CFF-8524-4ED4-BFA8-AA9C72CAF4EE}.Debug|x64.ActiveCfg = Debug|x64
		{E5A43CFF-8524-4ED4-BFA8-AA9C72CAF4EE}.Debug|x64.Build.0 = Debug|x64
		{E5A43CFF-8524-4ED4-BFA8-AA9C72CAF4EE}.Debug|x86.ActiveCfg = Debug|Win32
		{E5A43CFF-8524-4ED4-BFA8-AA9C72CAF4EE}.Debug|x86.Build.0 = Debug|Win32
		{E5A43CFF-8524-4ED4-BFA8-AA9C72CAF4EE}.Release|x64.ActiveCfg = Release|x64
		{E5A43CFF-8524-4ED4-BFA8-AA9C72CAF4EE}.Release|x64.Build.0 = Release|x64
		{E5A43CFF-8524-4ED4-BFA8-AA9C72CAF4EE}.Release|x86.ActiveCfg = Release|Win32
		{E5A43CFF-8524-4ED4-BFA8-AA9C72CAF4EE}.Release|x86.Build.0 = Release|Win32
		{D8836C84-4D85-48AF-B7B3-F45C648ACFA6}.Debug|x64.ActiveCfg = Debug|x64
		{D8836C84-4D85-48AF-B7B3-F45C648ACFA6}.Debug|x64.Build.0 = Debug|x64
		{D8836C84-4D85-48AF-B7B3-F45C648ACFA6}.Debug|x86.ActiveCfg = Debug|Win32
		{D8836C84-4D85-48AF-B7B3-F45C648ACFA6}.Debug|x86.Build.0 = Debug|Win32
		{D8836C84-4D85-48AF-B7B3-F45C648ACFA6}.Release|x64.ActiveCfg = Release|x64
		{D8836C84-4D85-48AF-B7B3-F45C648ACFA6}.Release|x64.Build.0 = Release|x64
		{D8836C84-4D85-48AF-B7B3-F45C648ACFA6}.Release|x86.ActiveCfg = Release|Win32
		{D8836C84-4D85-48AF-B7B3-F45C648ACFA6}.Release|x86.Build.0 = Release|Win32
		{185C4E48-D940-409C-818E-DC97E30A80BA}.Debug|x64.ActiveCfg = Debug|x64
		{185C4E48-D940-409C-818E-DC97E30A80BA}.Debug|x64.Build.0 = Debug|x64
		{185C4E48-D940-409C-818E-DC97E30A80BA}.Debug|x86.ActiveCfg = Debug|Win32
		{185C4E48-D940-409C-818E-DC97E30A80BA}.Debug|x86.Build.0 = Debug|Win32
		{185C4E48-D940-409C-818E-DC97E30A80BA}.Release|x64.ActiveCfg = Release|x64
		{185C4E48-D940-409C-818E-DC97E30A80BA}.Release|x64.Build.0 = Release|x64
		{185C4E48-D940-409C-818E-DC97E30A80BA}.Release|x86.ActiveCfg = Release|Win32
		{185C4E48-D940-409C-818E-DC97E30A80BA}.Release|x86.Build.0 = Release|Win32
		{AE615D6D-34D0-4CC3-B8A7-DFC9763CA5AF}.Debug|x64.ActiveCfg = Debug|x64
		{AE615D6D-34D0-4CC3-B8A7-DFC9763CA5AF}.Debug|x64.Build.0 = Debug|x64
		{AE615D6D-34D0-4CC3-B8A7-DFC9763CA5AF}.Debug|x86.ActiveCfg = Debug|Win32
		{AE615D6D-34D0-4CC3-B8A7-DFC9763CA5AF}.Debug|x86.Build.0 = Debug|Win32
		{AE615D6D-34D0-4CC3-B8A7-DFC9763CA5AF}.Release|x64.ActiveCfg = Release|x64
		{AE615D6D-34D0-4CC3-B8A7-DFC9763CA5AF}.Release|x64.Build.0 = Release|x64
		{AE615D6D-34D0-4CC3-B8A7-DFC9763CA5AF}.Release|x86.ActiveCfg = Release|Win32
		{AE615D6D-34D0-4CC3-B8A7-DFC9763CA5AF}.Release|x86.Build.0 = Release|Win32
		{0C11B2DE-0D6C-4F84-AD30-3B0B15F08D39}.Debug|x64.ActiveCfg = Debug|x64
		{0C11B2DE-0D6C-4F84-AD30-3B0B15F08D39}.Debug|x64.Build.0 = Debug|x64
		{0C11B2DE-0D6C-4F84-AD30-3B0B15F08D39}.Debug|x86.ActiveCfg = Debug|Win32
		{0C11B2DE-0D6C-4F84-AD30-3B0B15F08D39}.Debug|x86.Build.0 = Debug|Win32
		{0C11B2DE-0D6C-4F84-AD30-3B0B15F08D39}.Release|x64.ActiveCfg = Release|x64
		{0C11B2DE-0D6C-4F84-AD30-3B0B15F08D39}.Release|x64.Build.0 = Release|x64
		{0C11B2DE-0D6C-4F84-AD30-3B0B15F08D39}.Release|x86.ActiveCfg = Release|Win32
		{0C11B2DE-0D6C-4F84-AD30-3B0B15F08D39}.Release|x86.Build.0 = Release|Win32
		{654FC03C-A2D4-4C7A-9723-2F18B8E5F671}.Debug|x64.ActiveCfg = Debug|x64
		{654FC03C-A2D4-4C7A-9723-2F18B8E5F671}.Debug|x64.Build.0 = Debug|x64
		{654FC03C-A2D4-4C7A-9723-2F18B8E5F671}.Debug|x86.ActiveCfg = Debug|Win32
		{654FC03C-A2D4-4C7A-9723-2F18B8E5F671}.Debug|x86.Build.0 = Debug|Win32
		{654FC03C-A2D4-4C7A-9723-2F18B8E5F671}.Release|x64.ActiveCfg = Release|x64
		{654FC03C-A2D4-4C7A-9723-2F18B8E5F671}.Release|x64.Build.0 = Release|x64
		{654FC03C-A2D4-4C7A-9723-2F18B8E5F671}.Release|x86.ActiveCfg = Release|Win32
		{654FC03C-A2D4-4C7A-9723-2F18B8E5F671}.Release|x86.Build.0 = Release|Win32
	EndGlobalSection
	GlobalSection(SolutionProperties) = preSolution
		HideSolutionNode = FALSE
	EndGlobalSection
	GlobalSection(ExtensibilityGlobals) = postSolution
		SolutionGuid = {F4D2700F-FE07-4440-B97A-BBB4CB1157CA}
	EndGlobalSection
EndGlobal
